{
    "_readme": [
        "This file locks the dependencies of your project to a known state",
        "Read more about it at https://getcomposer.org/doc/01-basic-usage.md#installing-dependencies",
        "This file is @generated automatically"
    ],
    "content-hash": "ee550dee1d892208dde86f46a268265f",
    "packages": [
        {
            "name": "bibi/bibi",
            "version": "v1.2.0",
            "dist": {
                "type": "zip",
                "url": "https://github.com/satorumurmur/bibi/releases/download/v1.2.0/Bibi-v1.2.0.zip"
            },
            "type": "library"
        }
    ],
    "packages-dev": [],
    "aliases": [],
    "minimum-stability": "stable",
    "stability-flags": [],
    "prefer-stable": false,
    "prefer-lowest": false,
    "platform": [],
    "platform-dev": [],
    "plugin-api-version": "1.1.0"
}
